{
  "name": "ts71-beta-probe",
  "version": "1.0.0",
  "lockfileVersion": 3,
  "requires": true,
  "packages": {
    "": {
      "name": "ts71-beta-probe",
      "version": "1.0.0",
      "license": "ISC",
      "dependencies": {
        "typescript": "^7.1.0-dev.20260913.1"
      }
    },
    "node_modules/@typescript/typescript-darwin-arm64": {
      "version": "7.1.0-dev.20260913.1",
      "resolved": "https://registry.npmjs.org/@typescript/typescript-darwin-arm64/-/typescript-darwin-arm64-7.1.0-dev.20260913.1.tgz",
      "integrity": "sha512-jN35ZzxIhFFXPL7OKYjBS/H3f9gOTHbDJRVlIom8DT1hg9gbFHT1rEovZGxC74k9qngJAdDv7MgzPeVo0tu5AA==",
      "cpu": [
        "arm64"
      ],
      "license": "Apache-2.0",
      "optional": true,
      "os": [
        "darwin"
      ],
      "engines": {
        "node": ">=16.20.0"
      }
    },
    "node_modules/@typescript/typescript-darwin-x64": {
      "version": "7.1.0-dev.20260913.1",
      "resolved": "https://registry.npmjs.org/@typescript/typescript-darwin-x64/-/typescript-darwin-x64-7.1.0-dev.20260913.1.tgz",
      "integrity": "sha512-D9IkhZY5LNRpEv4V9zlGt+Clp7+1xwuGhkpzF0li8H4Hj/wn8jmfI+g9u0rEsLkpyy5t715HQ/ymszozvD6Mhg==",
      "cpu": [
        "x64"
      ],
      "license": "Apache-2.0",
      "optional": true,
      "os": [
        "darwin"
      ],
      "engines": {
        "node": ">=16.20.0"
      }
    },
    "node_modules/@typescript/typescript-linux-arm": {
      "version": "7.1.0-dev.20260913.1",
      "resolved": "https://registry.npmjs.org/@typescript/typescript-linux-arm/-/typescript-linux-arm-7.1.0-dev.20260913.1.tgz",
      "integrity": "sha512-JE36V+G1GsKUV0D0/QVUCpQ3UyS81liMH0qKfof8j/Y0joF2SFai1Xo5OSNi0QSuDmOCiwERE4TRVo3/pQOtvw==",
      "cpu": [
        "arm"
      ],
      "license": "Apache-2.0",
      "optional": true,
      "os": [
        "linux"
      ],
      "engines": {
        "node": ">=16.20.0"
      }
    },
    "node_modules/@typescript/typescript-linux-arm64": {
      "version": "7.1.0-dev.20260913.1",
      "resolved": "https://registry.npmjs.org/@typescript/typescript-linux-arm64/-/typescript-linux-arm64-7.1.0-dev.20260913.1.tgz",
      "integrity": "sha512-bE/moSqhLG5I6hw2D8MyIPt3dxvGBmCB28/VIKXZ96RYfbhjj2USx7NNA/C3+P60FhQczaMkbd3wyo4LRpxv5Q==",
      "cpu": [
        "arm64"
      ],
      "license": "Apache-2.0",
      "optional": true,
      "os": [
        "linux"
      ],
      "engines": {
        "node": ">=16.20.0"
      }
    },
    "node_modules/@typescript/typescript-linux-x64": {
      "version": "7.1.0-dev.20260913.1",
      "resolved": "https://registry.npmjs.org/@typescript/typescript-linux-x64/-/typescript-linux-x64-7.1.0-dev.20260913.1.tgz",
      "integrity": "sha512-RwEJVRmVAP5l0YNKcJMHtO4BKPRMLq8wcJAn0OQ2AQsual8VOWnS+bxnI2xO95hM/Xwe6cmLVK8TBc3WzScgog==",
      "cpu": [
        "x64"
      ],
      "license": "Apache-2.0",
      "optional": true,
      "os": [
        "linux"
      ],
      "engines": {
        "node": ">=16.20.0"
      }
    },
    "node_modules/@typescript/typescript-win32-arm64": {
      "version": "7.1.0-dev.20260913.1",
      "resolved": "https://registry.npmjs.org/@typescript/typescript-win32-arm64/-/typescript-win32-arm64-7.1.0-dev.20260913.1.tgz",
      "integrity": "sha512-+GYnjq0wffSzfSR/6d0K3r7LM3te3wqePdWdA1TYbNXBDmMBPvwvcI0n+5gNne5h2BuRLhdP3uoys5c05a5pxA==",
      "cpu": [
        "arm64"
      ],
      "license": "Apache-2.0",
      "optional": true,
      "os": [
        "win32"
      ],
      "engines": {
        "node": ">=16.20.0"
      }
    },
    "node_modules/@typescript/typescript-win32-x64": {
      "version": "7.1.0-dev.20260913.1",
      "resolved": "https://registry.npmjs.org/@typescript/typescript-win32-x64/-/typescript-win32-x64-7.1.0-dev.20260913.1.tgz",
      "integrity": "sha512-7Eb4iZ7uMKINXHetQ45R/UJi+AhTgD8H4Lbyz4PQciHQ9mMjvI6Xq/tZlw+2Hy6ym/Wc/jazKu61E1BeGYJXWQ==",
      "cpu": [
        "x64"
      ],
      "license": "Apache-2.0",
      "optional": true,
      "os": [
        "win32"
      ],
      "engines": {
        "node": ">=16.20.0"
      }
    },
    "node_modules/typescript": {
      "version": "7.1.0-dev.20260913.1",
      "resolved": "https://registry.npmjs.org/typescript/-/typescript-7.1.0-dev.20260913.1.tgz",
      "integrity": "sha512-Utl01/z3d++BoytDrVrgQ+mjWGxW4eDtRejedyFJVf583KI7RWdazontz8hKCAwwFEnoQTdkopbkJNV7J6KtEw==",
      "license": "Apache-2.0",
      "bin": {
        "tsc": "bin/tsc"
      },
      "engines": {
        "node": ">=16.20.0"
      },
      "optionalDependencies": {
        "@typescript/typescript-darwin-arm64": "7.1.0-dev.20260913.1",
        "@typescript/typescript-darwin-x64": "7.1.0-dev.20260913.1",
        "@typescript/typescript-linux-arm": "7.1.0-dev.20260913.1",
        "@typescript/typescript-linux-arm64": "7.1.0-dev.20260913.1",
        "@typescript/typescript-linux-x64": "7.1.0-dev.20260913.1",
        "@typescript/typescript-win32-arm64": "7.1.0-dev.20260913.1",
        "@typescript/typescript-win32-x64": "7.1.0-dev.20260913.1"
      }
    }
  }
}
